inherit: ["python3::build"]

metaEnvironment:
    PKG_VERSION: "3.20.0"
    PKG_LICENSE: "Unlicense"

checkoutSCM:
    scm: url
    url: ${GITHUB_MIRROR}/tox-dev/filelock/archive/refs/tags/${PKG_VERSION}.tar.gz
    digestSHA256: 6aa2eb5ebc5c2415dff4cee47a9ff5dc8978864167a0031fe1848ff374ecd256
    stripComponents: 1

depends:
    - python::hatchling
    - python::setuptools-scm
    - python::hatch-vcs

buildVars: [PKG_VERSION]
buildSetup: |
    export SETUPTOOLS_SCM_PRETEND_VERSION="${PKG_VERSION}"
buildScript: |
    python3Build $1

packageScript: |
    python3PackageTgt
